
Microsoft Visual Studio Solution File, Format Version 12.00
# Visual Studio Version 17
VisualStudioVersion = 17.9.34622.214
MinimumVisualStudioVersion = 10.0.40219.1
Project("{FAE04EC0-301F-11D3-BF4B-00C04F79EFBC}") = "assignment2", "assignment2.csproj", "{1ACFB357-E9DA-4E37-938B-476202380132}"
EndProject
Global
	GlobalSection(SolutionConfigurationPlatforms) = preSolution
		Debug|Any CPU = Debug|Any CPU
		Release|Any CPU = Release|Any CPU
	EndGlobalSection
	GlobalSection(ProjectConfigurationPlatforms) = postSolution
		{1ACFB357-E9DA-4E37-938B-476202380132}.Debug|Any CPU.ActiveCfg = Debug|Any CPU
		{1ACFB357-E9DA-4E37-938B-476202380132}.Debug|Any CPU.Build.0 = Debug|Any CPU
		{1ACFB357-E9DA-4E37-938B-476202380132}.Release|Any CPU.ActiveCfg = Release|Any CPU
		{1ACFB357-E9DA-4E37-938B-476202380132}.Release|Any CPU.Build.0 = Release|Any CPU
	EndGlobalSection
	GlobalSection(SolutionProperties) = preSolution
		HideSolutionNode = FALSE
	EndGlobalSection
	GlobalSection(ExtensibilityGlobals) = postSolution
		SolutionGuid = {8D71DCD3-E01B-4899-BC43-C5C997340F6D}
	EndGlobalSection
EndGlobal
